
Microsoft Visual Studio Solution File, Format Version 12.00
# Visual Studio Version 16
VisualStudioVersion = 16.0.31424.327
MinimumVisualStudioVersion = 10.0.40219.1
Project("{FAE04EC0-301F-11D3-BF4B-00C04F79EFBC}") = "UserService", "UserService\UserService.csproj", "{6F7D8077-D5B5-4F50-AF83-180B413FCE59}"
EndProject
Project("{FAE04EC0-301F-11D3-BF4B-00C04F79EFBC}") = "PostService", "..\PostService\PostService.csproj", "{7FAA796E-4C77-4F4C-9381-CE8EBEFBD74C}"
EndProject
Global
	GlobalSection(SolutionConfigurationPlatforms) = preSolution
		Debug|Any CPU = Debug|Any CPU
		Release|Any CPU = Release|Any CPU
	EndGlobalSection
	GlobalSection(ProjectConfigurationPlatforms) = postSolution
		{6F7D8077-D5B5-4F50-AF83-180B413FCE59}.Debug|Any CPU.ActiveCfg = Debug|Any CPU
		{6F7D8077-D5B5-4F50-AF83-180B413FCE59}.Debug|Any CPU.Build.0 = Debug|Any CPU
		{6F7D8077-D5B5-4F50-AF83-180B413FCE59}.Release|Any CPU.ActiveCfg = Release|Any CPU
		{6F7D8077-D5B5-4F50-AF83-180B413FCE59}.Release|Any CPU.Build.0 = Release|Any CPU
		{7FAA796E-4C77-4F4C-9381-CE8EBEFBD74C}.Debug|Any CPU.ActiveCfg = Debug|Any CPU
		{7FAA796E-4C77-4F4C-9381-CE8EBEFBD74C}.Debug|Any CPU.Build.0 = Debug|Any CPU
		{7FAA796E-4C77-4F4C-9381-CE8EBEFBD74C}.Release|Any CPU.ActiveCfg = Release|Any CPU
		{7FAA796E-4C77-4F4C-9381-CE8EBEFBD74C}.Release|Any CPU.Build.0 = Release|Any CPU
	EndGlobalSection
	GlobalSection(SolutionProperties) = preSolution
		HideSolutionNode = FALSE
	EndGlobalSection
	GlobalSection(ExtensibilityGlobals) = postSolution
		SolutionGuid = {0DFF2647-8FB0-4069-B6D4-CE5CA4ADAC6D}
	EndGlobalSection
EndGlobal
